
Microsoft Visual Studio Solution File, Format Version 12.00
# Visual Studio 2013
VisualStudioVersion = 12.0.40629.0
MinimumVisualStudioVersion = 10.0.40219.1
Project("{FAE04EC0-301F-11D3-BF4B-00C04F79EFBC}") = "EMPReport", "EMPReport\EMPReport.csproj", "{6EEB07BA-D637-45B3-9AAD-AB1003B8C484}"
EndProject
Project("{FAE04EC0-301F-11D3-BF4B-00C04F79EFBC}") = "ReportDesigner", "ReportDesigner\ReportDesigner.csproj", "{F140C627-F2A2-4349-88F0-FB0B96E673B0}"
EndProject
Project("{FAE04EC0-301F-11D3-BF4B-00C04F79EFBC}") = "EMPReportControl", "EMPReportControl\EMPReportControl.csproj", "{615D1D88-58AA-4005-A661-0A601C1E2A64}"
EndProject
Global
	GlobalSection(SolutionConfigurationPlatforms) = preSolution
		Debug|Any CPU = Debug|Any CPU
		Release|Any CPU = Release|Any CPU
	EndGlobalSection
	GlobalSection(ProjectConfigurationPlatforms) = postSolution
		{6EEB07BA-D637-45B3-9AAD-AB1003B8C484}.Debug|Any CPU.ActiveCfg = Debug|Any CPU
		{6EEB07BA-D637-45B3-9AAD-AB1003B8C484}.Debug|Any CPU.Build.0 = Debug|Any CPU
		{6EEB07BA-D637-45B3-9AAD-AB1003B8C484}.Release|Any CPU.ActiveCfg = Release|Any CPU
		{6EEB07BA-D637-45B3-9AAD-AB1003B8C484}.Release|Any CPU.Build.0 = Release|Any CPU
		{F140C627-F2A2-4349-88F0-FB0B96E673B0}.Debug|Any CPU.ActiveCfg = Debug|Any CPU
		{F140C627-F2A2-4349-88F0-FB0B96E673B0}.Debug|Any CPU.Build.0 = Debug|Any CPU
		{F140C627-F2A2-4349-88F0-FB0B96E673B0}.Release|Any CPU.ActiveCfg = Release|Any CPU
		{F140C627-F2A2-4349-88F0-FB0B96E673B0}.Release|Any CPU.Build.0 = Release|Any CPU
		{615D1D88-58AA-4005-A661-0A601C1E2A64}.Debug|Any CPU.ActiveCfg = Debug|Any CPU
		{615D1D88-58AA-4005-A661-0A601C1E2A64}.Debug|Any CPU.Build.0 = Debug|Any CPU
		{615D1D88-58AA-4005-A661-0A601C1E2A64}.Release|Any CPU.ActiveCfg = Release|Any CPU
		{615D1D88-58AA-4005-A661-0A601C1E2A64}.Release|Any CPU.Build.0 = Release|Any CPU
	EndGlobalSection
	GlobalSection(SolutionProperties) = preSolution
		HideSolutionNode = FALSE
	EndGlobalSection
EndGlobal
