
Microsoft Visual Studio Solution File, Format Version 12.00
# Visual Studio 2013
VisualStudioVersion = 12.0.40629.0
MinimumVisualStudioVersion = 10.0.40219.1
Project("{FAE04EC0-301F-11D3-BF4B-00C04F79EFBC}") = "NIWindowsShells", "NIWindowsShells\NIWindowsShells.csproj", "{12FDCC05-2A57-4E45-A7D1-31B7073B8FF8}"
EndProject
Project("{FAE04EC0-301F-11D3-BF4B-00C04F79EFBC}") = "NIAvalonDock", "NIAvalonDock\NIAvalonDock.csproj", "{98E0A49B-DCB2-4966-B252-EB3E205EFA87}"
EndProject
Project("{FAE04EC0-301F-11D3-BF4B-00C04F79EFBC}") = "NIAvalonDockDemo", "NIAvalonDockDemo\NIAvalonDockDemo.csproj", "{4253D4B9-719E-4249-A231-DA3F068CF9CC}"
EndProject
Global
	GlobalSection(SolutionConfigurationPlatforms) = preSolution
		Debug|Any CPU = Debug|Any CPU
		Release|Any CPU = Release|Any CPU
	EndGlobalSection
	GlobalSection(ProjectConfigurationPlatforms) = postSolution
		{12FDCC05-2A57-4E45-A7D1-31B7073B8FF8}.Debug|Any CPU.ActiveCfg = Debug|Any CPU
		{12FDCC05-2A57-4E45-A7D1-31B7073B8FF8}.Debug|Any CPU.Build.0 = Debug|Any CPU
		{12FDCC05-2A57-4E45-A7D1-31B7073B8FF8}.Release|Any CPU.ActiveCfg = Release|Any CPU
		{12FDCC05-2A57-4E45-A7D1-31B7073B8FF8}.Release|Any CPU.Build.0 = Release|Any CPU
		{98E0A49B-DCB2-4966-B252-EB3E205EFA87}.Debug|Any CPU.ActiveCfg = Debug|Any CPU
		{98E0A49B-DCB2-4966-B252-EB3E205EFA87}.Debug|Any CPU.Build.0 = Debug|Any CPU
		{98E0A49B-DCB2-4966-B252-EB3E205EFA87}.Release|Any CPU.ActiveCfg = Release|Any CPU
		{98E0A49B-DCB2-4966-B252-EB3E205EFA87}.Release|Any CPU.Build.0 = Release|Any CPU
		{4253D4B9-719E-4249-A231-DA3F068CF9CC}.Debug|Any CPU.ActiveCfg = Debug|Any CPU
		{4253D4B9-719E-4249-A231-DA3F068CF9CC}.Debug|Any CPU.Build.0 = Debug|Any CPU
		{4253D4B9-719E-4249-A231-DA3F068CF9CC}.Release|Any CPU.ActiveCfg = Release|Any CPU
		{4253D4B9-719E-4249-A231-DA3F068CF9CC}.Release|Any CPU.Build.0 = Release|Any CPU
	EndGlobalSection
	GlobalSection(SolutionProperties) = preSolution
		HideSolutionNode = FALSE
	EndGlobalSection
EndGlobal
